<?xml version="1.0" encoding="utf-8"?>
<Project ToolsVersion="4.0" xmlns="http://schemas.microsoft.com/developer/msbuild/2003">
  <ItemGroup>
    <Filter Include="src">
      <UniqueIdentifier>{01f25f6b-60e7-4302-8453-2b6a0d032c6f}</UniqueIdentifier>
    </Filter>
    <Filter Include="Headers">
      <UniqueIdentifier>{e16f851f-3df9-42ba-9633-e739dd276742}</UniqueIdentifier>
    </Filter>
    <Filter Include="textures">
      <UniqueIdentifier>{a13df8d9-ed2b-4f00-8360-1e8ff9adba5b}</UniqueIdentifier>
    </Filter>
    <Filter Include="shaders">
      <UniqueIdentifier>{8b4599c3-2c6c-4f7e-8a83-03fda69234f5}</UniqueIdentifier>
    </Filter>
  </ItemGroup>
  <ItemGroup>
    <ClCompile Include="src\Skybox.cpp">
      <Filter>src</Filter>
    </ClCompile>
    <ClCompile Include="Src\Camera.cpp">
      <Filter>src</Filter>
    </ClCompile>
    <ClCompile Include="Src\Duck.cpp">
      <Filter>src</Filter>
    </ClCompile>
    <ClCompile Include="Src\Entity.cpp">
      <Filter>src</Filter>
    </ClCompile>
    <ClCompile Include="Src\main.cpp">
      <Filter>src</Filter>
    </ClCompile>
    <ClCompile Include="Src\objloader.cpp">
      <Filter>src</Filter>
    </ClCompile>
    <ClCompile Include="Src\Water.cpp">
      <Filter>src</Filter>
    </ClCompile>
    <ClCompile Include="Src\stb_image.cpp">
      <Filter>src</Filter>
    </ClCompile>
  </ItemGroup>
  <ItemGroup>
    <None Include="shaders\DuckVertex.vert">
      <Filter>shaders</Filter>
    </None>
    <None Include="shaders\SkyboxFragment.frag">
      <Filter>shaders</Filter>
    </None>
    <None Include="shaders\WaterVertex.vert">
      <Filter>shaders</Filter>
    </None>
    <None Include="shaders\WaterFragment.frag">
      <Filter>shaders</Filter>
    </None>
    <None Include="shaders\SkyboxVertex.vert">
      <Filter>shaders</Filter>
    </None>
    <None Include="shaders\DuckFragment.frag">
      <Filter>shaders</Filter>
    </None>
  </ItemGroup>
  <ItemGroup>
    <ClInclude Include="Headers\Water.h">
      <Filter>Headers</Filter>
    </ClInclude>
    <ClInclude Include="Headers\Camera.h">
      <Filter>Headers</Filter>
    </ClInclude>
    <ClInclude Include="Headers\Duck.h">
      <Filter>Headers</Filter>
    </ClInclude>
    <ClInclude Include="Headers\Entity.h">
      <Filter>Headers</Filter>
    </ClInclude>
    <ClInclude Include="Headers\miniaudio.h">
      <Filter>Headers</Filter>
    </ClInclude>
    <ClInclude Include="Headers\objloader.hpp">
      <Filter>Headers</Filter>
    </ClInclude>
    <ClInclude Include="Headers\Skybox.h">
      <Filter>Headers</Filter>
    </ClInclude>
    <ClInclude Include="Headers\stb_image.h">
      <Filter>Headers</Filter>
    </ClInclude>
  </ItemGroup>
  <ItemGroup>
    <Image Include="textures\back.png">
      <Filter>textures</Filter>
    </Image>
    <Image Include="textures\bottom.png">
      <Filter>textures</Filter>
    </Image>
    <Image Include="textures\duck.jpg">
      <Filter>textures</Filter>
    </Image>
    <Image Include="textures\front.png">
      <Filter>textures</Filter>
    </Image>
    <Image Include="textures\left.png">
      <Filter>textures</Filter>
    </Image>
    <Image Include="textures\right.png">
      <Filter>textures</Filter>
    </Image>
    <Image Include="textures\top.png">
      <Filter>textures</Filter>
    </Image>
  </ItemGroup>
</Project>